
Microsoft Visual Studio Solution File, Format Version 12.00
# Visual Studio Version 17
VisualStudioVersion = 17.0.31912.275
MinimumVisualStudioVersion = 10.0.40219.1
Project("{9A19103F-16F7-4668-BE54-9A1E7A4F7556}") = "AeonCore", "AeonCore\AeonCore.csproj", "{81AFC1D1-BF34-49A7-BF4F-0F841DB01F36}"
EndProject
Project("{2150E333-8FDC-42A3-9474-1A3956D46DE8}") = "Core", "Core", "{61729F9D-0775-42AF-8EF4-9EBF1946743E}"
EndProject
Project("{9A19103F-16F7-4668-BE54-9A1E7A4F7556}") = "AeonCore.Tests", "AeonCoreTests\AeonCore.Tests.csproj", "{BC5A2441-38B3-4F1C-A1A5-02FA57C85B8F}"
EndProject
Project("{9A19103F-16F7-4668-BE54-9A1E7A4F7556}") = "BasicApp", "BasicApp\BasicApp.csproj", "{AAA574D4-4813-465A-B311-7A41B9D5700F}"
	ProjectSection(ProjectDependencies) = postProject
		{81AFC1D1-BF34-49A7-BF4F-0F841DB01F36} = {81AFC1D1-BF34-49A7-BF4F-0F841DB01F36}
	EndProjectSection
EndProject
Project("{9A19103F-16F7-4668-BE54-9A1E7A4F7556}") = "DrawingCLI", "DrawingCLI\DrawingCLI.csproj", "{F630E7C0-98D8-48DB-AE6E-F85BCD0FD88B}"
EndProject
Project("{9A19103F-16F7-4668-BE54-9A1E7A4F7556}") = "Aeon.Heroes", "Aeon.Heroes\Aeon.Heroes.csproj", "{7F558223-9895-4E4F-AC97-BAEF5F23F554}"
EndProject
Project("{2150E333-8FDC-42A3-9474-1A3956D46DE8}") = "Tools", "Tools", "{B5E28AFE-A629-4AAA-870A-B2949E8C6ADD}"
EndProject
Project("{9A19103F-16F7-4668-BE54-9A1E7A4F7556}") = "PicEditor", "PicEditor\PicEditor.csproj", "{64AFFAEA-BE34-4FE6-A6C6-A82E5C014396}"
EndProject
Project("{2150E333-8FDC-42A3-9474-1A3956D46DE8}") = "Solution Items", "Solution Items", "{4934DBF1-4884-4B9C-BF3E-F05E9A834316}"
	ProjectSection(SolutionItems) = preProject
		.editorconfig = .editorconfig
		TrofSnippets\cmdt.snippet = TrofSnippets\cmdt.snippet
		TrofSnippets\propb.snippet = TrofSnippets\propb.snippet
		SQL_CREATE.sql = SQL_CREATE.sql
	EndProjectSection
EndProject
Project("{9A19103F-16F7-4668-BE54-9A1E7A4F7556}") = "AeonServer", "AeonServer\AeonServer.csproj", "{69EF5B24-F6B8-44D7-84A3-488D99F893AC}"
EndProject
Project("{2150E333-8FDC-42A3-9474-1A3956D46DE8}") = "CLI", "CLI", "{EDB6DC06-14AE-41E2-AC8B-F588871366D5}"
EndProject
Project("{9A19103F-16F7-4668-BE54-9A1E7A4F7556}") = "Scener", "Scener\Scener.csproj", "{83D4B53B-BC3E-4737-ACA8-A7FFB6EA4099}"
EndProject
Project("{9A19103F-16F7-4668-BE54-9A1E7A4F7556}") = "Aeon.WindowsClient", "Aeon.WindowsClient\Aeon.WindowsClient.csproj", "{46174C7F-C9EC-4000-B40D-3D4651AE30B2}"
EndProject
Project("{9A19103F-16F7-4668-BE54-9A1E7A4F7556}") = "Aeon.Base", "Aeon.Base\Aeon.Base.csproj", "{D3939994-60DF-41E7-93DE-04E6A31B6438}"
EndProject
Project("{E53339B2-1760-4266-BCC7-CA923CBCF16C}") = "docker-compose", "docker-compose.dcproj", "{635D73B1-A954-4695-883F-20BD4B14A9D3}"
EndProject
Global
	GlobalSection(SolutionConfigurationPlatforms) = preSolution
		Debug|Any CPU = Debug|Any CPU
		Release|Any CPU = Release|Any CPU
	EndGlobalSection
	GlobalSection(ProjectConfigurationPlatforms) = postSolution
		{81AFC1D1-BF34-49A7-BF4F-0F841DB01F36}.Debug|Any CPU.ActiveCfg = Debug|Any CPU
		{81AFC1D1-BF34-49A7-BF4F-0F841DB01F36}.Debug|Any CPU.Build.0 = Debug|Any CPU
		{81AFC1D1-BF34-49A7-BF4F-0F841DB01F36}.Release|Any CPU.ActiveCfg = Release|Any CPU
		{81AFC1D1-BF34-49A7-BF4F-0F841DB01F36}.Release|Any CPU.Build.0 = Release|Any CPU
		{BC5A2441-38B3-4F1C-A1A5-02FA57C85B8F}.Debug|Any CPU.ActiveCfg = Debug|Any CPU
		{BC5A2441-38B3-4F1C-A1A5-02FA57C85B8F}.Debug|Any CPU.Build.0 = Debug|Any CPU
		{BC5A2441-38B3-4F1C-A1A5-02FA57C85B8F}.Release|Any CPU.ActiveCfg = Release|Any CPU
		{BC5A2441-38B3-4F1C-A1A5-02FA57C85B8F}.Release|Any CPU.Build.0 = Release|Any CPU
		{AAA574D4-4813-465A-B311-7A41B9D5700F}.Debug|Any CPU.ActiveCfg = Debug|Any CPU
		{AAA574D4-4813-465A-B311-7A41B9D5700F}.Debug|Any CPU.Build.0 = Debug|Any CPU
		{AAA574D4-4813-465A-B311-7A41B9D5700F}.Release|Any CPU.ActiveCfg = Release|Any CPU
		{AAA574D4-4813-465A-B311-7A41B9D5700F}.Release|Any CPU.Build.0 = Release|Any CPU
		{F630E7C0-98D8-48DB-AE6E-F85BCD0FD88B}.Debug|Any CPU.ActiveCfg = Debug|Any CPU
		{F630E7C0-98D8-48DB-AE6E-F85BCD0FD88B}.Debug|Any CPU.Build.0 = Debug|Any CPU
		{F630E7C0-98D8-48DB-AE6E-F85BCD0FD88B}.Release|Any CPU.ActiveCfg = Release|Any CPU
		{F630E7C0-98D8-48DB-AE6E-F85BCD0FD88B}.Release|Any CPU.Build.0 = Release|Any CPU
		{7F558223-9895-4E4F-AC97-BAEF5F23F554}.Debug|Any CPU.ActiveCfg = Debug|Any CPU
		{7F558223-9895-4E4F-AC97-BAEF5F23F554}.Debug|Any CPU.Build.0 = Debug|Any CPU
		{7F558223-9895-4E4F-AC97-BAEF5F23F554}.Release|Any CPU.ActiveCfg = Release|Any CPU
		{7F558223-9895-4E4F-AC97-BAEF5F23F554}.Release|Any CPU.Build.0 = Release|Any CPU
		{64AFFAEA-BE34-4FE6-A6C6-A82E5C014396}.Debug|Any CPU.ActiveCfg = Debug|Any CPU
		{64AFFAEA-BE34-4FE6-A6C6-A82E5C014396}.Debug|Any CPU.Build.0 = Debug|Any CPU
		{64AFFAEA-BE34-4FE6-A6C6-A82E5C014396}.Release|Any CPU.ActiveCfg = Release|Any CPU
		{64AFFAEA-BE34-4FE6-A6C6-A82E5C014396}.Release|Any CPU.Build.0 = Release|Any CPU
		{69EF5B24-F6B8-44D7-84A3-488D99F893AC}.Debug|Any CPU.ActiveCfg = Debug|Any CPU
		{69EF5B24-F6B8-44D7-84A3-488D99F893AC}.Debug|Any CPU.Build.0 = Debug|Any CPU
		{69EF5B24-F6B8-44D7-84A3-488D99F893AC}.Release|Any CPU.ActiveCfg = Release|Any CPU
		{69EF5B24-F6B8-44D7-84A3-488D99F893AC}.Release|Any CPU.Build.0 = Release|Any CPU
		{83D4B53B-BC3E-4737-ACA8-A7FFB6EA4099}.Debug|Any CPU.ActiveCfg = Debug|Any CPU
		{83D4B53B-BC3E-4737-ACA8-A7FFB6EA4099}.Debug|Any CPU.Build.0 = Debug|Any CPU
		{83D4B53B-BC3E-4737-ACA8-A7FFB6EA4099}.Release|Any CPU.ActiveCfg = Release|Any CPU
		{83D4B53B-BC3E-4737-ACA8-A7FFB6EA4099}.Release|Any CPU.Build.0 = Release|Any CPU
		{46174C7F-C9EC-4000-B40D-3D4651AE30B2}.Debug|Any CPU.ActiveCfg = Debug|Any CPU
		{46174C7F-C9EC-4000-B40D-3D4651AE30B2}.Debug|Any CPU.Build.0 = Debug|Any CPU
		{46174C7F-C9EC-4000-B40D-3D4651AE30B2}.Release|Any CPU.ActiveCfg = Release|Any CPU
		{46174C7F-C9EC-4000-B40D-3D4651AE30B2}.Release|Any CPU.Build.0 = Release|Any CPU
		{D3939994-60DF-41E7-93DE-04E6A31B6438}.Debug|Any CPU.ActiveCfg = Debug|Any CPU
		{D3939994-60DF-41E7-93DE-04E6A31B6438}.Debug|Any CPU.Build.0 = Debug|Any CPU
		{D3939994-60DF-41E7-93DE-04E6A31B6438}.Release|Any CPU.ActiveCfg = Release|Any CPU
		{D3939994-60DF-41E7-93DE-04E6A31B6438}.Release|Any CPU.Build.0 = Release|Any CPU
		{635D73B1-A954-4695-883F-20BD4B14A9D3}.Debug|Any CPU.ActiveCfg = Debug|Any CPU
		{635D73B1-A954-4695-883F-20BD4B14A9D3}.Debug|Any CPU.Build.0 = Debug|Any CPU
		{635D73B1-A954-4695-883F-20BD4B14A9D3}.Release|Any CPU.ActiveCfg = Release|Any CPU
		{635D73B1-A954-4695-883F-20BD4B14A9D3}.Release|Any CPU.Build.0 = Release|Any CPU
	EndGlobalSection
	GlobalSection(SolutionProperties) = preSolution
		HideSolutionNode = FALSE
	EndGlobalSection
	GlobalSection(NestedProjects) = preSolution
		{81AFC1D1-BF34-49A7-BF4F-0F841DB01F36} = {61729F9D-0775-42AF-8EF4-9EBF1946743E}
		{BC5A2441-38B3-4F1C-A1A5-02FA57C85B8F} = {61729F9D-0775-42AF-8EF4-9EBF1946743E}
		{AAA574D4-4813-465A-B311-7A41B9D5700F} = {EDB6DC06-14AE-41E2-AC8B-F588871366D5}
		{F630E7C0-98D8-48DB-AE6E-F85BCD0FD88B} = {EDB6DC06-14AE-41E2-AC8B-F588871366D5}
		{7F558223-9895-4E4F-AC97-BAEF5F23F554} = {61729F9D-0775-42AF-8EF4-9EBF1946743E}
		{64AFFAEA-BE34-4FE6-A6C6-A82E5C014396} = {B5E28AFE-A629-4AAA-870A-B2949E8C6ADD}
		{83D4B53B-BC3E-4737-ACA8-A7FFB6EA4099} = {EDB6DC06-14AE-41E2-AC8B-F588871366D5}
	EndGlobalSection
	GlobalSection(ExtensibilityGlobals) = postSolution
		SolutionGuid = {DC5C05A3-807C-49D1-B790-5B217D8825D2}
	EndGlobalSection
EndGlobal
